
Microsoft Visual Studio Solution File, Format Version 12.00
# Visual Studio Version 16
VisualStudioVersion = 16.0.29025.244
MinimumVisualStudioVersion = 10.0.40219.1
Project("{9A19103F-16F7-4668-BE54-9A1E7A4F7556}") = "HFY.Core", "HFY.Core\HFY.Core.csproj", "{9EE3B67A-E116-4B59-98BD-6E946E0FA993}"
EndProject
Project("{9A19103F-16F7-4668-BE54-9A1E7A4F7556}") = "HFY.Business", "HFY.Business\HFY.Business.csproj", "{BCE0A8E3-C29D-4681-A180-9F407453E3E6}"
EndProject
Project("{9A19103F-16F7-4668-BE54-9A1E7A4F7556}") = "HFY.DataAccess", "HFY.DataAccess\HFY.DataAccess.csproj", "{59FC49EE-F4D4-405D-977D-E980153A33F6}"
EndProject
Project("{9A19103F-16F7-4668-BE54-9A1E7A4F7556}") = "HFY.Entities", "HFY.Entities\HFY.Entities.csproj", "{F55BBDD1-601A-412B-8DC3-199C804F0A9D}"
EndProject
Project("{9A19103F-16F7-4668-BE54-9A1E7A4F7556}") = "HFY.MvcWebUI.Angular", "HFY.MvcWebUI.Angular\HFY.MvcWebUI.Angular.csproj", "{B934D0CB-E4D0-4C98-B757-B3C12FE4CB8F}"
EndProject
Global
	GlobalSection(SolutionConfigurationPlatforms) = preSolution
		Debug|Any CPU = Debug|Any CPU
		Release|Any CPU = Release|Any CPU
	EndGlobalSection
	GlobalSection(ProjectConfigurationPlatforms) = postSolution
		{9EE3B67A-E116-4B59-98BD-6E946E0FA993}.Debug|Any CPU.ActiveCfg = Debug|Any CPU
		{9EE3B67A-E116-4B59-98BD-6E946E0FA993}.Debug|Any CPU.Build.0 = Debug|Any CPU
		{9EE3B67A-E116-4B59-98BD-6E946E0FA993}.Release|Any CPU.ActiveCfg = Release|Any CPU
		{9EE3B67A-E116-4B59-98BD-6E946E0FA993}.Release|Any CPU.Build.0 = Release|Any CPU
		{BCE0A8E3-C29D-4681-A180-9F407453E3E6}.Debug|Any CPU.ActiveCfg = Debug|Any CPU
		{BCE0A8E3-C29D-4681-A180-9F407453E3E6}.Debug|Any CPU.Build.0 = Debug|Any CPU
		{BCE0A8E3-C29D-4681-A180-9F407453E3E6}.Release|Any CPU.ActiveCfg = Release|Any CPU
		{BCE0A8E3-C29D-4681-A180-9F407453E3E6}.Release|Any CPU.Build.0 = Release|Any CPU
		{59FC49EE-F4D4-405D-977D-E980153A33F6}.Debug|Any CPU.ActiveCfg = Debug|Any CPU
		{59FC49EE-F4D4-405D-977D-E980153A33F6}.Debug|Any CPU.Build.0 = Debug|Any CPU
		{59FC49EE-F4D4-405D-977D-E980153A33F6}.Release|Any CPU.ActiveCfg = Release|Any CPU
		{59FC49EE-F4D4-405D-977D-E980153A33F6}.Release|Any CPU.Build.0 = Release|Any CPU
		{F55BBDD1-601A-412B-8DC3-199C804F0A9D}.Debug|Any CPU.ActiveCfg = Debug|Any CPU
		{F55BBDD1-601A-412B-8DC3-199C804F0A9D}.Debug|Any CPU.Build.0 = Debug|Any CPU
		{F55BBDD1-601A-412B-8DC3-199C804F0A9D}.Release|Any CPU.ActiveCfg = Release|Any CPU
		{F55BBDD1-601A-412B-8DC3-199C804F0A9D}.Release|Any CPU.Build.0 = Release|Any CPU
		{B934D0CB-E4D0-4C98-B757-B3C12FE4CB8F}.Debug|Any CPU.ActiveCfg = Debug|Any CPU
		{B934D0CB-E4D0-4C98-B757-B3C12FE4CB8F}.Debug|Any CPU.Build.0 = Debug|Any CPU
		{B934D0CB-E4D0-4C98-B757-B3C12FE4CB8F}.Release|Any CPU.ActiveCfg = Release|Any CPU
		{B934D0CB-E4D0-4C98-B757-B3C12FE4CB8F}.Release|Any CPU.Build.0 = Release|Any CPU
	EndGlobalSection
	GlobalSection(SolutionProperties) = preSolution
		HideSolutionNode = FALSE
	EndGlobalSection
	GlobalSection(ExtensibilityGlobals) = postSolution
		SolutionGuid = {66F3A172-D813-4A74-AF64-92B5CB8B16DB}
	EndGlobalSection
EndGlobal
